
Microsoft Visual Studio Solution File, Format Version 12.00
# Visual Studio 2013
VisualStudioVersion = 12.0.21005.1
MinimumVisualStudioVersion = 10.0.40219.1
Project("{FAE04EC0-301F-11D3-BF4B-00C04F79EFBC}") = "DevAssign", "DevAssign\DevAssign.csproj", "{CCC3BB70-71B0-427C-B385-4692A4AAACE7}"
EndProject
Global
	GlobalSection(SolutionConfigurationPlatforms) = preSolution
		Debug|Any CPU = Debug|Any CPU
		Release|Any CPU = Release|Any CPU
	EndGlobalSection
	GlobalSection(ProjectConfigurationPlatforms) = postSolution
		{CCC3BB70-71B0-427C-B385-4692A4AAACE7}.Debug|Any CPU.ActiveCfg = Debug|Any CPU
		{CCC3BB70-71B0-427C-B385-4692A4AAACE7}.Debug|Any CPU.Build.0 = Debug|Any CPU
		{CCC3BB70-71B0-427C-B385-4692A4AAACE7}.Release|Any CPU.ActiveCfg = Release|Any CPU
		{CCC3BB70-71B0-427C-B385-4692A4AAACE7}.Release|Any CPU.Build.0 = Release|Any CPU
	EndGlobalSection
	GlobalSection(SolutionProperties) = preSolution
		HideSolutionNode = FALSE
	EndGlobalSection
EndGlobal
